
Microsoft Visual Studio Solution File, Format Version 12.00
# Visual Studio 15
VisualStudioVersion = 15.0.27130.2036
MinimumVisualStudioVersion = 10.0.40219.1
Project("{FAE04EC0-301F-11D3-BF4B-00C04F79EFBC}") = "ShareTubeAuth", "ShareTubeAuth\ShareTubeAuth.csproj", "{CC99CB4D-1595-4FFA-8743-7018C9E2987C}"
EndProject
Global
	GlobalSection(SolutionConfigurationPlatforms) = preSolution
		Debug|Any CPU = Debug|Any CPU
		Release|Any CPU = Release|Any CPU
	EndGlobalSection
	GlobalSection(ProjectConfigurationPlatforms) = postSolution
		{CC99CB4D-1595-4FFA-8743-7018C9E2987C}.Debug|Any CPU.ActiveCfg = Debug|Any CPU
		{CC99CB4D-1595-4FFA-8743-7018C9E2987C}.Debug|Any CPU.Build.0 = Debug|Any CPU
		{CC99CB4D-1595-4FFA-8743-7018C9E2987C}.Release|Any CPU.ActiveCfg = Release|Any CPU
		{CC99CB4D-1595-4FFA-8743-7018C9E2987C}.Release|Any CPU.Build.0 = Release|Any CPU
	EndGlobalSection
	GlobalSection(SolutionProperties) = preSolution
		HideSolutionNode = FALSE
	EndGlobalSection
	GlobalSection(ExtensibilityGlobals) = postSolution
		SolutionGuid = {42BB2C0C-D710-436B-A97D-A5DD4538F6E2}
	EndGlobalSection
EndGlobal
